
Microsoft Visual Studio Solution File, Format Version 12.00
# Visual Studio Version 17
VisualStudioVersion = 17.0.31903.59
MinimumVisualStudioVersion = 10.0.40219.1
Project("{FAE04EC0-301F-11D3-BF4B-00C04F79EFBC}") = "TMF.Auth0.FGA.WebApp", "TMF.Auth0.FGA.WebApp\TMF.Auth0.FGA.WebApp.csproj", "{C08B95CA-4548-4264-BDE8-E07A96F47F0F}"
EndProject
Global
	GlobalSection(SolutionConfigurationPlatforms) = preSolution
		Debug|Any CPU = Debug|Any CPU
		Release|Any CPU = Release|Any CPU
	EndGlobalSection
	GlobalSection(ProjectConfigurationPlatforms) = postSolution
		{C08B95CA-4548-4264-BDE8-E07A96F47F0F}.Debug|Any CPU.ActiveCfg = Debug|Any CPU
		{C08B95CA-4548-4264-BDE8-E07A96F47F0F}.Debug|Any CPU.Build.0 = Debug|Any CPU
		{C08B95CA-4548-4264-BDE8-E07A96F47F0F}.Release|Any CPU.ActiveCfg = Release|Any CPU
		{C08B95CA-4548-4264-BDE8-E07A96F47F0F}.Release|Any CPU.Build.0 = Release|Any CPU
	EndGlobalSection
	GlobalSection(SolutionProperties) = preSolution
		HideSolutionNode = FALSE
	EndGlobalSection
	GlobalSection(ExtensibilityGlobals) = postSolution
		SolutionGuid = {3CE0D57A-573B-44DC-904B-EB6C07675E9E}
	EndGlobalSection
EndGlobal
